<?xml version="1.0" encoding="utf-8"?>
<Project ToolsVersion="4.0" xmlns="http://schemas.microsoft.com/developer/msbuild/2003">
  <ItemGroup>
    <Filter Include="Core">
      <UniqueIdentifier>{69e3e5ac-6c3a-4955-8a12-09dbf75208c0}</UniqueIdentifier>
    </Filter>
    <Filter Include="Components">
      <UniqueIdentifier>{a8b355f5-56e1-4cd4-840d-347359c51a40}</UniqueIdentifier>
    </Filter>
    <Filter Include="Helpers">
      <UniqueIdentifier>{987f49bb-6fc5-4155-a82a-abade96ee4c8}</UniqueIdentifier>
    </Filter>
    <Filter Include="Scene">
      <UniqueIdentifier>{5577fd11-870d-4aff-ab3e-cdda2987388a}</UniqueIdentifier>
    </Filter>
    <Filter Include="Content">
      <UniqueIdentifier>{6eadbc11-20e3-4804-8394-1d028d48ac44}</UniqueIdentifier>
    </Filter>
    <Filter Include="Graphics">
      <UniqueIdentifier>{ffceb42a-d703-4f3b-8e7a-e2152c2d09fd}</UniqueIdentifier>
    </Filter>
    <Filter Include="ImGUI">
      <UniqueIdentifier>{da1f077c-f191-4230-a21d-c5b301c84a1b}</UniqueIdentifier>
    </Filter>
  </ItemGroup>
  <ItemGroup>
    <ClCompile Include="BaseComponent.cpp">
      <Filter>Components</Filter>
    </ClCompile>
    <ClCompile Include="BenchinePCH.cpp" />
    <ClCompile Include="FPSComponent.cpp">
      <Filter>Components</Filter>
    </ClCompile>
    <ClCompile Include="GameObject.cpp">
      <Filter>Scene</Filter>
    </ClCompile>
    <ClCompile Include="TextComponent.cpp">
      <Filter>Components</Filter>
    </ClCompile>
    <ClCompile Include="TransformComponent.cpp">
      <Filter>Components</Filter>
    </ClCompile>
    <ClCompile Include="Renderer.cpp">
      <Filter>Graphics</Filter>
    </ClCompile>
    <ClCompile Include="Font.cpp">
      <Filter>Graphics</Filter>
    </ClCompile>
    <ClCompile Include="ResourceManager.cpp">
      <Filter>Content</Filter>
    </ClCompile>
    <ClCompile Include="Texture2D.cpp">
      <Filter>Graphics</Filter>
    </ClCompile>
    <ClCompile Include="Scene.cpp">
      <Filter>Scene</Filter>
    </ClCompile>
    <ClCompile Include="SceneManager.cpp">
      <Filter>Scene</Filter>
    </ClCompile>
    <ClCompile Include="BenchineRunner.cpp">
      <Filter>Core</Filter>
    </ClCompile>
    <ClCompile Include="InputManager.cpp">
      <Filter>Core</Filter>
    </ClCompile>
    <ClCompile Include="BaseGame.cpp">
      <Filter>Core</Filter>
    </ClCompile>
    <ClCompile Include="imgui.cpp">
      <Filter>ImGUI</Filter>
    </ClCompile>
    <ClCompile Include="imgui_demo.cpp">
      <Filter>ImGUI</Filter>
    </ClCompile>
    <ClCompile Include="imgui_draw.cpp">
      <Filter>ImGUI</Filter>
    </ClCompile>
    <ClCompile Include="imgui_widgets.cpp">
      <Filter>ImGUI</Filter>
    </ClCompile>
    <ClCompile Include="imgui_sdl.cpp">
      <Filter>ImGUI</Filter>
    </ClCompile>
  </ItemGroup>
  <ItemGroup>
    <ClInclude Include="BaseComponent.h">
      <Filter>Components</Filter>
    </ClInclude>
    <ClInclude Include="BenchinePCH.h" />
    <ClInclude Include="Components.h">
      <Filter>Components</Filter>
    </ClInclude>
    <ClInclude Include="FPSComponent.h">
      <Filter>Components</Filter>
    </ClInclude>
    <ClInclude Include="TextComponent.h">
      <Filter>Components</Filter>
    </ClInclude>
    <ClInclude Include="TransformComponent.h">
      <Filter>Components</Filter>
    </ClInclude>
    <ClInclude Include="Utils.h">
      <Filter>Helpers</Filter>
    </ClInclude>
    <ClInclude Include="Font.h">
      <Filter>Graphics</Filter>
    </ClInclude>
    <ClInclude Include="Renderer.h">
      <Filter>Graphics</Filter>
    </ClInclude>
    <ClInclude Include="GameObject.h">
      <Filter>Scene</Filter>
    </ClInclude>
    <ClInclude Include="ResourceManager.h">
      <Filter>Content</Filter>
    </ClInclude>
    <ClInclude Include="Texture2D.h">
      <Filter>Graphics</Filter>
    </ClInclude>
    <ClInclude Include="Singleton.h">
      <Filter>Helpers</Filter>
    </ClInclude>
    <ClInclude Include="SceneManager.h">
      <Filter>Scene</Filter>
    </ClInclude>
    <ClInclude Include="Scene.h">
      <Filter>Scene</Filter>
    </ClInclude>
    <ClInclude Include="BenchineRunner.h">
      <Filter>Core</Filter>
    </ClInclude>
    <ClInclude Include="InputManager.h">
      <Filter>Core</Filter>
    </ClInclude>
    <ClInclude Include="BaseGame.h">
      <Filter>Core</Filter>
    </ClInclude>
    <ClInclude Include="imconfig.h">
      <Filter>ImGUI</Filter>
    </ClInclude>
    <ClInclude Include="imgui.h">
      <Filter>ImGUI</Filter>
    </ClInclude>
    <ClInclude Include="imgui_internal.h">
      <Filter>ImGUI</Filter>
    </ClInclude>
    <ClInclude Include="imstb_rectpack.h">
      <Filter>ImGUI</Filter>
    </ClInclude>
    <ClInclude Include="imstb_textedit.h">
      <Filter>ImGUI</Filter>
    </ClInclude>
    <ClInclude Include="imstb_truetype.h">
      <Filter>ImGUI</Filter>
    </ClInclude>
    <ClInclude Include="imgui_sdl.h">
      <Filter>ImGUI</Filter>
    </ClInclude>
  </ItemGroup>
</Project>